
Microsoft Visual Studio Solution File, Format Version 12.00
# Visual Studio 15
VisualStudioVersion = 15.0.26124.0
MinimumVisualStudioVersion = 15.0.26124.0
Project("{2150E333-8FDC-42A3-9474-1A3956D46DE8}") = "src", "src", "{03C49580-28D1-4A87-987E-84780BDEBFAE}"
EndProject
Project("{2150E333-8FDC-42A3-9474-1A3956D46DE8}") = "test", "test", "{078D6935-9F19-4DEB-87DB-A55E0ABA0E63}"
EndProject
Project("{2150E333-8FDC-42A3-9474-1A3956D46DE8}") = "samples", "samples", "{AA3205AF-D2BB-4007-A891-485B92E1CA74}"
EndProject
Project("{FAE04EC0-301F-11D3-BF4B-00C04F79EFBC}") = "Sample1", "test\samples\Sample1\Sample1.csproj", "{AC588B4D-FFE3-4CF7-B279-8A0BEECBABDD}"
EndProject
Project("{FAE04EC0-301F-11D3-BF4B-00C04F79EFBC}") = "Sample2", "test\samples\Sample2\Sample2.csproj", "{6D720BBA-5910-4480-A436-D40BE36457D6}"
EndProject
Project("{2150E333-8FDC-42A3-9474-1A3956D46DE8}") = "components", "components", "{DD64E099-B1E1-4517-A42A-D744DEFA54DE}"
EndProject
Project("{2150E333-8FDC-42A3-9474-1A3956D46DE8}") = "aspnet-api-versioning", "aspnet-api-versioning", "{7A203DF3-7974-42FB-8200-80A09CEB5451}"
EndProject
Project("{2150E333-8FDC-42A3-9474-1A3956D46DE8}") = "src", "src", "{6A81A364-4268-4953-9EDA-65F3DFAD1615}"
EndProject
Project("{D954291E-2A0B-460D-934E-DC6B0785DB48}") = "Common", "components\aspnet-api-versioning\src\Common\Common.shproj", "{6D0E834B-6422-44CD-9A85-E3BE9DEAD1BE}"
EndProject
Project("{D954291E-2A0B-460D-934E-DC6B0785DB48}") = "Shared", "components\aspnet-api-versioning\src\Shared\Shared.shproj", "{B7897873-6757-4684-83C0-39575821AE14}"
EndProject
Project("{FAE04EC0-301F-11D3-BF4B-00C04F79EFBC}") = "Sample3", "test\samples\Sample3\Sample3.csproj", "{A9E4F0BD-E68D-4DBA-8FE4-F200A222FF2B}"
EndProject
Project("{FAE04EC0-301F-11D3-BF4B-00C04F79EFBC}") = "SampleCommon", "test\samples\SampleCommon\SampleCommon.csproj", "{75A9995A-D510-49F3-BFB4-4AAACE1B5F77}"
EndProject
Project("{FAE04EC0-301F-11D3-BF4B-00C04F79EFBC}") = "Sample4", "test\samples\Sample4\Sample4.csproj", "{383AF40E-6CA2-46B3-8E61-A6798ED88800}"
EndProject
Project("{FAE04EC0-301F-11D3-BF4B-00C04F79EFBC}") = "Sample5", "test\samples\Sample5\Sample5.csproj", "{09E139A1-12A0-49F6-9322-88B2F939757E}"
EndProject
Project("{FAE04EC0-301F-11D3-BF4B-00C04F79EFBC}") = "Microsoft.AspNetCore.Mvc.Versioning", "components\aspnet-api-versioning\src\Microsoft.AspNetCore.Mvc.Versioning\Microsoft.AspNetCore.Mvc.Versioning.csproj", "{83F0DC18-5BBD-4E50-ABB3-62628BA1E93D}"
EndProject
Project("{FAE04EC0-301F-11D3-BF4B-00C04F79EFBC}") = "AspNetCore.Mvc.GroupVersioning", "src\AspNetCore.Mvc.GroupVersioning\AspNetCore.Mvc.GroupVersioning.csproj", "{99FC23AF-9EE9-43BE-AA51-A79C932452D0}"
EndProject
Project("{FAE04EC0-301F-11D3-BF4B-00C04F79EFBC}") = "AspNetCore.Mvc.GroupVersioning.Test", "test\AspNetCore.Mvc.GroupVersioning.Test\AspNetCore.Mvc.GroupVersioning.Test.csproj", "{93D498E7-762D-4C08-991A-3658E63AB981}"
EndProject
Project("{2150E333-8FDC-42A3-9474-1A3956D46DE8}") = "solution", "solution", "{1A55F1D7-4F0B-41A5-A9A8-8CF5DF6BBCCB}"
	ProjectSection(SolutionItems) = preProject
		README.md = README.md
	EndProjectSection
EndProject
Project("{FAE04EC0-301F-11D3-BF4B-00C04F79EFBC}") = "CodeSample", "test\samples\CodeSample\CodeSample.csproj", "{D0F1ED6E-11A6-41DB-ADF3-B3BFFF3A9447}"
EndProject
Global
	GlobalSection(SolutionConfigurationPlatforms) = preSolution
		Debug|Any CPU = Debug|Any CPU
		Debug|x64 = Debug|x64
		Debug|x86 = Debug|x86
		Release|Any CPU = Release|Any CPU
		Release|x64 = Release|x64
		Release|x86 = Release|x86
	EndGlobalSection
	GlobalSection(SolutionProperties) = preSolution
		HideSolutionNode = FALSE
	EndGlobalSection
	GlobalSection(ProjectConfigurationPlatforms) = postSolution
		{AC588B4D-FFE3-4CF7-B279-8A0BEECBABDD}.Debug|Any CPU.ActiveCfg = Debug|Any CPU
		{AC588B4D-FFE3-4CF7-B279-8A0BEECBABDD}.Debug|Any CPU.Build.0 = Debug|Any CPU
		{AC588B4D-FFE3-4CF7-B279-8A0BEECBABDD}.Debug|x64.ActiveCfg = Debug|Any CPU
		{AC588B4D-FFE3-4CF7-B279-8A0BEECBABDD}.Debug|x64.Build.0 = Debug|Any CPU
		{AC588B4D-FFE3-4CF7-B279-8A0BEECBABDD}.Debug|x86.ActiveCfg = Debug|Any CPU
		{AC588B4D-FFE3-4CF7-B279-8A0BEECBABDD}.Debug|x86.Build.0 = Debug|Any CPU
		{AC588B4D-FFE3-4CF7-B279-8A0BEECBABDD}.Release|Any CPU.ActiveCfg = Release|Any CPU
		{AC588B4D-FFE3-4CF7-B279-8A0BEECBABDD}.Release|Any CPU.Build.0 = Release|Any CPU
		{AC588B4D-FFE3-4CF7-B279-8A0BEECBABDD}.Release|x64.ActiveCfg = Release|Any CPU
		{AC588B4D-FFE3-4CF7-B279-8A0BEECBABDD}.Release|x64.Build.0 = Release|Any CPU
		{AC588B4D-FFE3-4CF7-B279-8A0BEECBABDD}.Release|x86.ActiveCfg = Release|Any CPU
		{AC588B4D-FFE3-4CF7-B279-8A0BEECBABDD}.Release|x86.Build.0 = Release|Any CPU
		{6D720BBA-5910-4480-A436-D40BE36457D6}.Debug|Any CPU.ActiveCfg = Debug|Any CPU
		{6D720BBA-5910-4480-A436-D40BE36457D6}.Debug|Any CPU.Build.0 = Debug|Any CPU
		{6D720BBA-5910-4480-A436-D40BE36457D6}.Debug|x64.ActiveCfg = Debug|Any CPU
		{6D720BBA-5910-4480-A436-D40BE36457D6}.Debug|x64.Build.0 = Debug|Any CPU
		{6D720BBA-5910-4480-A436-D40BE36457D6}.Debug|x86.ActiveCfg = Debug|Any CPU
		{6D720BBA-5910-4480-A436-D40BE36457D6}.Debug|x86.Build.0 = Debug|Any CPU
		{6D720BBA-5910-4480-A436-D40BE36457D6}.Release|Any CPU.ActiveCfg = Release|Any CPU
		{6D720BBA-5910-4480-A436-D40BE36457D6}.Release|Any CPU.Build.0 = Release|Any CPU
		{6D720BBA-5910-4480-A436-D40BE36457D6}.Release|x64.ActiveCfg = Release|Any CPU
		{6D720BBA-5910-4480-A436-D40BE36457D6}.Release|x64.Build.0 = Release|Any CPU
		{6D720BBA-5910-4480-A436-D40BE36457D6}.Release|x86.ActiveCfg = Release|Any CPU
		{6D720BBA-5910-4480-A436-D40BE36457D6}.Release|x86.Build.0 = Release|Any CPU
		{A9E4F0BD-E68D-4DBA-8FE4-F200A222FF2B}.Debug|Any CPU.ActiveCfg = Debug|Any CPU
		{A9E4F0BD-E68D-4DBA-8FE4-F200A222FF2B}.Debug|Any CPU.Build.0 = Debug|Any CPU
		{A9E4F0BD-E68D-4DBA-8FE4-F200A222FF2B}.Debug|x64.ActiveCfg = Debug|Any CPU
		{A9E4F0BD-E68D-4DBA-8FE4-F200A222FF2B}.Debug|x64.Build.0 = Debug|Any CPU
		{A9E4F0BD-E68D-4DBA-8FE4-F200A222FF2B}.Debug|x86.ActiveCfg = Debug|Any CPU
		{A9E4F0BD-E68D-4DBA-8FE4-F200A222FF2B}.Debug|x86.Build.0 = Debug|Any CPU
		{A9E4F0BD-E68D-4DBA-8FE4-F200A222FF2B}.Release|Any CPU.ActiveCfg = Release|Any CPU
		{A9E4F0BD-E68D-4DBA-8FE4-F200A222FF2B}.Release|Any CPU.Build.0 = Release|Any CPU
		{A9E4F0BD-E68D-4DBA-8FE4-F200A222FF2B}.Release|x64.ActiveCfg = Release|Any CPU
		{A9E4F0BD-E68D-4DBA-8FE4-F200A222FF2B}.Release|x64.Build.0 = Release|Any CPU
		{A9E4F0BD-E68D-4DBA-8FE4-F200A222FF2B}.Release|x86.ActiveCfg = Release|Any CPU
		{A9E4F0BD-E68D-4DBA-8FE4-F200A222FF2B}.Release|x86.Build.0 = Release|Any CPU
		{75A9995A-D510-49F3-BFB4-4AAACE1B5F77}.Debug|Any CPU.ActiveCfg = Debug|Any CPU
		{75A9995A-D510-49F3-BFB4-4AAACE1B5F77}.Debug|Any CPU.Build.0 = Debug|Any CPU
		{75A9995A-D510-49F3-BFB4-4AAACE1B5F77}.Debug|x64.ActiveCfg = Debug|Any CPU
		{75A9995A-D510-49F3-BFB4-4AAACE1B5F77}.Debug|x64.Build.0 = Debug|Any CPU
		{75A9995A-D510-49F3-BFB4-4AAACE1B5F77}.Debug|x86.ActiveCfg = Debug|Any CPU
		{75A9995A-D510-49F3-BFB4-4AAACE1B5F77}.Debug|x86.Build.0 = Debug|Any CPU
		{75A9995A-D510-49F3-BFB4-4AAACE1B5F77}.Release|Any CPU.ActiveCfg = Release|Any CPU
		{75A9995A-D510-49F3-BFB4-4AAACE1B5F77}.Release|Any CPU.Build.0 = Release|Any CPU
		{75A9995A-D510-49F3-BFB4-4AAACE1B5F77}.Release|x64.ActiveCfg = Release|Any CPU
		{75A9995A-D510-49F3-BFB4-4AAACE1B5F77}.Release|x64.Build.0 = Release|Any CPU
		{75A9995A-D510-49F3-BFB4-4AAACE1B5F77}.Release|x86.ActiveCfg = Release|Any CPU
		{75A9995A-D510-49F3-BFB4-4AAACE1B5F77}.Release|x86.Build.0 = Release|Any CPU
		{383AF40E-6CA2-46B3-8E61-A6798ED88800}.Debug|Any CPU.ActiveCfg = Debug|Any CPU
		{383AF40E-6CA2-46B3-8E61-A6798ED88800}.Debug|Any CPU.Build.0 = Debug|Any CPU
		{383AF40E-6CA2-46B3-8E61-A6798ED88800}.Debug|x64.ActiveCfg = Debug|Any CPU
		{383AF40E-6CA2-46B3-8E61-A6798ED88800}.Debug|x64.Build.0 = Debug|Any CPU
		{383AF40E-6CA2-46B3-8E61-A6798ED88800}.Debug|x86.ActiveCfg = Debug|Any CPU
		{383AF40E-6CA2-46B3-8E61-A6798ED88800}.Debug|x86.Build.0 = Debug|Any CPU
		{383AF40E-6CA2-46B3-8E61-A6798ED88800}.Release|Any CPU.ActiveCfg = Release|Any CPU
		{383AF40E-6CA2-46B3-8E61-A6798ED88800}.Release|Any CPU.Build.0 = Release|Any CPU
		{383AF40E-6CA2-46B3-8E61-A6798ED88800}.Release|x64.ActiveCfg = Release|Any CPU
		{383AF40E-6CA2-46B3-8E61-A6798ED88800}.Release|x64.Build.0 = Release|Any CPU
		{383AF40E-6CA2-46B3-8E61-A6798ED88800}.Release|x86.ActiveCfg = Release|Any CPU
		{383AF40E-6CA2-46B3-8E61-A6798ED88800}.Release|x86.Build.0 = Release|Any CPU
		{09E139A1-12A0-49F6-9322-88B2F939757E}.Debug|Any CPU.ActiveCfg = Debug|Any CPU
		{09E139A1-12A0-49F6-9322-88B2F939757E}.Debug|Any CPU.Build.0 = Debug|Any CPU
		{09E139A1-12A0-49F6-9322-88B2F939757E}.Debug|x64.ActiveCfg = Debug|Any CPU
		{09E139A1-12A0-49F6-9322-88B2F939757E}.Debug|x64.Build.0 = Debug|Any CPU
		{09E139A1-12A0-49F6-9322-88B2F939757E}.Debug|x86.ActiveCfg = Debug|Any CPU
		{09E139A1-12A0-49F6-9322-88B2F939757E}.Debug|x86.Build.0 = Debug|Any CPU
		{09E139A1-12A0-49F6-9322-88B2F939757E}.Release|Any CPU.ActiveCfg = Release|Any CPU
		{09E139A1-12A0-49F6-9322-88B2F939757E}.Release|Any CPU.Build.0 = Release|Any CPU
		{09E139A1-12A0-49F6-9322-88B2F939757E}.Release|x64.ActiveCfg = Release|Any CPU
		{09E139A1-12A0-49F6-9322-88B2F939757E}.Release|x64.Build.0 = Release|Any CPU
		{09E139A1-12A0-49F6-9322-88B2F939757E}.Release|x86.ActiveCfg = Release|Any CPU
		{09E139A1-12A0-49F6-9322-88B2F939757E}.Release|x86.Build.0 = Release|Any CPU
		{83F0DC18-5BBD-4E50-ABB3-62628BA1E93D}.Debug|Any CPU.ActiveCfg = Debug|Any CPU
		{83F0DC18-5BBD-4E50-ABB3-62628BA1E93D}.Debug|Any CPU.Build.0 = Debug|Any CPU
		{83F0DC18-5BBD-4E50-ABB3-62628BA1E93D}.Debug|x64.ActiveCfg = Debug|Any CPU
		{83F0DC18-5BBD-4E50-ABB3-62628BA1E93D}.Debug|x64.Build.0 = Debug|Any CPU
		{83F0DC18-5BBD-4E50-ABB3-62628BA1E93D}.Debug|x86.ActiveCfg = Debug|Any CPU
		{83F0DC18-5BBD-4E50-ABB3-62628BA1E93D}.Debug|x86.Build.0 = Debug|Any CPU
		{83F0DC18-5BBD-4E50-ABB3-62628BA1E93D}.Release|Any CPU.ActiveCfg = Release|Any CPU
		{83F0DC18-5BBD-4E50-ABB3-62628BA1E93D}.Release|Any CPU.Build.0 = Release|Any CPU
		{83F0DC18-5BBD-4E50-ABB3-62628BA1E93D}.Release|x64.ActiveCfg = Release|Any CPU
		{83F0DC18-5BBD-4E50-ABB3-62628BA1E93D}.Release|x64.Build.0 = Release|Any CPU
		{83F0DC18-5BBD-4E50-ABB3-62628BA1E93D}.Release|x86.ActiveCfg = Release|Any CPU
		{83F0DC18-5BBD-4E50-ABB3-62628BA1E93D}.Release|x86.Build.0 = Release|Any CPU
		{99FC23AF-9EE9-43BE-AA51-A79C932452D0}.Debug|Any CPU.ActiveCfg = Debug|Any CPU
		{99FC23AF-9EE9-43BE-AA51-A79C932452D0}.Debug|Any CPU.Build.0 = Debug|Any CPU
		{99FC23AF-9EE9-43BE-AA51-A79C932452D0}.Debug|x64.ActiveCfg = Debug|Any CPU
		{99FC23AF-9EE9-43BE-AA51-A79C932452D0}.Debug|x64.Build.0 = Debug|Any CPU
		{99FC23AF-9EE9-43BE-AA51-A79C932452D0}.Debug|x86.ActiveCfg = Debug|Any CPU
		{99FC23AF-9EE9-43BE-AA51-A79C932452D0}.Debug|x86.Build.0 = Debug|Any CPU
		{99FC23AF-9EE9-43BE-AA51-A79C932452D0}.Release|Any CPU.ActiveCfg = Release|Any CPU
		{99FC23AF-9EE9-43BE-AA51-A79C932452D0}.Release|Any CPU.Build.0 = Release|Any CPU
		{99FC23AF-9EE9-43BE-AA51-A79C932452D0}.Release|x64.ActiveCfg = Release|Any CPU
		{99FC23AF-9EE9-43BE-AA51-A79C932452D0}.Release|x64.Build.0 = Release|Any CPU
		{99FC23AF-9EE9-43BE-AA51-A79C932452D0}.Release|x86.ActiveCfg = Release|Any CPU
		{99FC23AF-9EE9-43BE-AA51-A79C932452D0}.Release|x86.Build.0 = Release|Any CPU
		{93D498E7-762D-4C08-991A-3658E63AB981}.Debug|Any CPU.ActiveCfg = Debug|Any CPU
		{93D498E7-762D-4C08-991A-3658E63AB981}.Debug|Any CPU.Build.0 = Debug|Any CPU
		{93D498E7-762D-4C08-991A-3658E63AB981}.Debug|x64.ActiveCfg = Debug|Any CPU
		{93D498E7-762D-4C08-991A-3658E63AB981}.Debug|x64.Build.0 = Debug|Any CPU
		{93D498E7-762D-4C08-991A-3658E63AB981}.Debug|x86.ActiveCfg = Debug|Any CPU
		{93D498E7-762D-4C08-991A-3658E63AB981}.Debug|x86.Build.0 = Debug|Any CPU
		{93D498E7-762D-4C08-991A-3658E63AB981}.Release|Any CPU.ActiveCfg = Release|Any CPU
		{93D498E7-762D-4C08-991A-3658E63AB981}.Release|Any CPU.Build.0 = Release|Any CPU
		{93D498E7-762D-4C08-991A-3658E63AB981}.Release|x64.ActiveCfg = Release|Any CPU
		{93D498E7-762D-4C08-991A-3658E63AB981}.Release|x64.Build.0 = Release|Any CPU
		{93D498E7-762D-4C08-991A-3658E63AB981}.Release|x86.ActiveCfg = Release|Any CPU
		{93D498E7-762D-4C08-991A-3658E63AB981}.Release|x86.Build.0 = Release|Any CPU
		{D0F1ED6E-11A6-41DB-ADF3-B3BFFF3A9447}.Debug|Any CPU.ActiveCfg = Debug|Any CPU
		{D0F1ED6E-11A6-41DB-ADF3-B3BFFF3A9447}.Debug|Any CPU.Build.0 = Debug|Any CPU
		{D0F1ED6E-11A6-41DB-ADF3-B3BFFF3A9447}.Debug|x64.ActiveCfg = Debug|Any CPU
		{D0F1ED6E-11A6-41DB-ADF3-B3BFFF3A9447}.Debug|x64.Build.0 = Debug|Any CPU
		{D0F1ED6E-11A6-41DB-ADF3-B3BFFF3A9447}.Debug|x86.ActiveCfg = Debug|Any CPU
		{D0F1ED6E-11A6-41DB-ADF3-B3BFFF3A9447}.Debug|x86.Build.0 = Debug|Any CPU
		{D0F1ED6E-11A6-41DB-ADF3-B3BFFF3A9447}.Release|Any CPU.ActiveCfg = Release|Any CPU
		{D0F1ED6E-11A6-41DB-ADF3-B3BFFF3A9447}.Release|Any CPU.Build.0 = Release|Any CPU
		{D0F1ED6E-11A6-41DB-ADF3-B3BFFF3A9447}.Release|x64.ActiveCfg = Release|Any CPU
		{D0F1ED6E-11A6-41DB-ADF3-B3BFFF3A9447}.Release|x64.Build.0 = Release|Any CPU
		{D0F1ED6E-11A6-41DB-ADF3-B3BFFF3A9447}.Release|x86.ActiveCfg = Release|Any CPU
		{D0F1ED6E-11A6-41DB-ADF3-B3BFFF3A9447}.Release|x86.Build.0 = Release|Any CPU
	EndGlobalSection
	GlobalSection(NestedProjects) = preSolution
		{AA3205AF-D2BB-4007-A891-485B92E1CA74} = {078D6935-9F19-4DEB-87DB-A55E0ABA0E63}
		{AC588B4D-FFE3-4CF7-B279-8A0BEECBABDD} = {AA3205AF-D2BB-4007-A891-485B92E1CA74}
		{6D720BBA-5910-4480-A436-D40BE36457D6} = {AA3205AF-D2BB-4007-A891-485B92E1CA74}
		{7A203DF3-7974-42FB-8200-80A09CEB5451} = {DD64E099-B1E1-4517-A42A-D744DEFA54DE}
		{6A81A364-4268-4953-9EDA-65F3DFAD1615} = {7A203DF3-7974-42FB-8200-80A09CEB5451}
		{6D0E834B-6422-44CD-9A85-E3BE9DEAD1BE} = {6A81A364-4268-4953-9EDA-65F3DFAD1615}
		{B7897873-6757-4684-83C0-39575821AE14} = {6A81A364-4268-4953-9EDA-65F3DFAD1615}
		{A9E4F0BD-E68D-4DBA-8FE4-F200A222FF2B} = {AA3205AF-D2BB-4007-A891-485B92E1CA74}
		{75A9995A-D510-49F3-BFB4-4AAACE1B5F77} = {AA3205AF-D2BB-4007-A891-485B92E1CA74}
		{383AF40E-6CA2-46B3-8E61-A6798ED88800} = {AA3205AF-D2BB-4007-A891-485B92E1CA74}
		{09E139A1-12A0-49F6-9322-88B2F939757E} = {AA3205AF-D2BB-4007-A891-485B92E1CA74}
		{83F0DC18-5BBD-4E50-ABB3-62628BA1E93D} = {6A81A364-4268-4953-9EDA-65F3DFAD1615}
		{99FC23AF-9EE9-43BE-AA51-A79C932452D0} = {03C49580-28D1-4A87-987E-84780BDEBFAE}
		{93D498E7-762D-4C08-991A-3658E63AB981} = {078D6935-9F19-4DEB-87DB-A55E0ABA0E63}
		{D0F1ED6E-11A6-41DB-ADF3-B3BFFF3A9447} = {AA3205AF-D2BB-4007-A891-485B92E1CA74}
	EndGlobalSection
EndGlobal
